// !$*UTF8*$!
{
	archiveVersion = 1;
	classes = {
	};
	objectVersion = 56;
	objects = {

/* Begin PBXBuildFile section */
		F34AB9302C62695D0012FB95 /* LaunchScreen.storyboard in Resources */ = {isa = PBXBuildFile; fileRef = F34AB92F2C62695D0012FB95 /* LaunchScreen.storyboard */; };
		F34B8B462C5B8E9F0001FF4A /* HttpMethods.swift in Sources */ = {isa = PBXBuildFile; fileRef = F34B8B452C5B8E9F0001FF4A /* HttpMethods.swift */; };
		F34B8B482C5B91920001FF4A /* NewsCountry.swift in Sources */ = {isa = PBXBuildFile; fileRef = F34B8B472C5B91920001FF4A /* NewsCountry.swift */; };
		F34B8B4B2C5B925C0001FF4A /* NewCategories.swift in Sources */ = {isa = PBXBuildFile; fileRef = F34B8B4A2C5B925C0001FF4A /* NewCategories.swift */; };
		F34B8B4D2C5B938C0001FF4A /* NewsType.swift in Sources */ = {isa = PBXBuildFile; fileRef = F34B8B4C2C5B938C0001FF4A /* NewsType.swift */; };
		F34B8B4F2C5B99FE0001FF4A /* URLCenter.swift in Sources */ = {isa = PBXBuildFile; fileRef = F34B8B4E2C5B99FE0001FF4A /* URLCenter.swift */; };
		F34B8B532C5BA6F80001FF4A /* NewsViewModel.swift in Sources */ = {isa = PBXBuildFile; fileRef = F34B8B522C5BA6F80001FF4A /* NewsViewModel.swift */; };
		F34B8B552C5BAB320001FF4A /* NewsViewController+Networking.swift in Sources */ = {isa = PBXBuildFile; fileRef = F34B8B542C5BAB320001FF4A /* NewsViewController+Networking.swift */; };
		F34B8B572C5BBB570001FF4A /* UINavigationController.swift in Sources */ = {isa = PBXBuildFile; fileRef = F34B8B562C5BBB570001FF4A /* UINavigationController.swift */; };
		F34B8B592C5C2EF40001FF4A /* CategoryCollectionViewCell.swift in Sources */ = {isa = PBXBuildFile; fileRef = F34B8B582C5C2EF40001FF4A /* CategoryCollectionViewCell.swift */; };
		F34B8B5F2C5C435D0001FF4A /* NewsViewController+PickerView.swift in Sources */ = {isa = PBXBuildFile; fileRef = F34B8B5E2C5C435D0001FF4A /* NewsViewController+PickerView.swift */; };
		F34B8B612C5C44EF0001FF4A /* UICollectionViewCellExtension.swift in Sources */ = {isa = PBXBuildFile; fileRef = F34B8B602C5C44EF0001FF4A /* UICollectionViewCellExtension.swift */; };
		F34B8B632C6255960001FF4A /* NewsViewController+Search.swift in Sources */ = {isa = PBXBuildFile; fileRef = F34B8B622C6255960001FF4A /* NewsViewController+Search.swift */; };
		F34B8B652C6256530001FF4A /* NewsCategoriesHeaderView.swift in Sources */ = {isa = PBXBuildFile; fileRef = F34B8B642C6256530001FF4A /* NewsCategoriesHeaderView.swift */; };
		F34B8B672C6256760001FF4A /* NewsCategoriesHeaderView+CollectionView.swift in Sources */ = {isa = PBXBuildFile; fileRef = F34B8B662C6256760001FF4A /* NewsCategoriesHeaderView+CollectionView.swift */; };
		F34B8B6A2C6256AE0001FF4A /* UserDefaultStorage.swift in Sources */ = {isa = PBXBuildFile; fileRef = F34B8B692C6256AE0001FF4A /* UserDefaultStorage.swift */; };
		F34B8B6C2C6256D50001FF4A /* UIViewController.swift in Sources */ = {isa = PBXBuildFile; fileRef = F34B8B6B2C6256D50001FF4A /* UIViewController.swift */; };
		F35996182A5E004100256F6D /* AppDelegate.swift in Sources */ = {isa = PBXBuildFile; fileRef = F35996172A5E004100256F6D /* AppDelegate.swift */; };
		F359961C2A5E004100256F6D /* NewsViewController.swift in Sources */ = {isa = PBXBuildFile; fileRef = F359961B2A5E004100256F6D /* NewsViewController.swift */; };
		F35996212A5E004200256F6D /* Assets.xcassets in Resources */ = {isa = PBXBuildFile; fileRef = F35996202A5E004200256F6D /* Assets.xcassets */; };
		F359962C2A61A58D00256F6D /* NewsAppTableViewCell.swift in Sources */ = {isa = PBXBuildFile; fileRef = F359962B2A61A58D00256F6D /* NewsAppTableViewCell.swift */; };
		F392411E2C59270E001D8B48 /* NewsModel.swift in Sources */ = {isa = PBXBuildFile; fileRef = F392411D2C59270E001D8B48 /* NewsModel.swift */; };
		F39241222C5A2595001D8B48 /* NewsService.swift in Sources */ = {isa = PBXBuildFile; fileRef = F39241212C5A2595001D8B48 /* NewsService.swift */; };
		F39241242C5A25E3001D8B48 /* String.swift in Sources */ = {isa = PBXBuildFile; fileRef = F39241232C5A25E3001D8B48 /* String.swift */; };
		F392414E2C5B807B001D8B48 /* NewsViewController+TableView.swift in Sources */ = {isa = PBXBuildFile; fileRef = F392414D2C5B807B001D8B48 /* NewsViewController+TableView.swift */; };
		F39241502C5B8163001D8B48 /* UITableViewCellExtension.swift in Sources */ = {isa = PBXBuildFile; fileRef = F392414F2C5B8163001D8B48 /* UITableViewCellExtension.swift */; };
		F3B6C3462C6D029500333DFF /* SettingsViewController.swift in Sources */ = {isa = PBXBuildFile; fileRef = F3B6C3452C6D029500333DFF /* SettingsViewController.swift */; };
		F3B6C3482C6D10AD00333DFF /* CountryTableViewCell.swift in Sources */ = {isa = PBXBuildFile; fileRef = F3B6C3472C6D10AD00333DFF /* CountryTableViewCell.swift */; };
		F3CD43AC2C705A1F00D77450 /* UserProfileViewController.swift in Sources */ = {isa = PBXBuildFile; fileRef = F3CD43AB2C705A1F00D77450 /* UserProfileViewController.swift */; };
		F3F746E62C7E87BE008DF35D /* UIImageView+Extensions.swift in Sources */ = {isa = PBXBuildFile; fileRef = F3F746E52C7E87BE008DF35D /* UIImageView+Extensions.swift */; };
		FEFFD4EC103A43FE414D9F3F /* Pods_NewsApp.framework in Frameworks */ = {isa = PBXBuildFile; fileRef = 958F52312356DE1AA17958B8 /* Pods_NewsApp.framework */; };
/* End PBXBuildFile section */

/* Begin PBXFileReference section */
		10E8108A385883D8373573BA /* Pods-NewsApp.debug.xcconfig */ = {isa = PBXFileReference; includeInIndex = 1; lastKnownFileType = text.xcconfig; name = "Pods-NewsApp.debug.xcconfig"; path = "Target Support Files/Pods-NewsApp/Pods-NewsApp.debug.xcconfig"; sourceTree = "<group>"; };
		6C484B6DB71EFE7293A396FE /* Pods-NewsApp.release.xcconfig */ = {isa = PBXFileReference; includeInIndex = 1; lastKnownFileType = text.xcconfig; name = "Pods-NewsApp.release.xcconfig"; path = "Target Support Files/Pods-NewsApp/Pods-NewsApp.release.xcconfig"; sourceTree = "<group>"; };
		958F52312356DE1AA17958B8 /* Pods_NewsApp.framework */ = {isa = PBXFileReference; explicitFileType = wrapper.framework; includeInIndex = 0; path = Pods_NewsApp.framework; sourceTree = BUILT_PRODUCTS_DIR; };
		F34AB92F2C62695D0012FB95 /* LaunchScreen.storyboard */ = {isa = PBXFileReference; lastKnownFileType = file.storyboard; path = LaunchScreen.storyboard; sourceTree = "<group>"; };
		F34B8B452C5B8E9F0001FF4A /* HttpMethods.swift */ = {isa = PBXFileReference; lastKnownFileType = sourcecode.swift; path = HttpMethods.swift; sourceTree = "<group>"; };
		F34B8B472C5B91920001FF4A /* NewsCountry.swift */ = {isa = PBXFileReference; lastKnownFileType = sourcecode.swift; path = NewsCountry.swift; sourceTree = "<group>"; };
		F34B8B4A2C5B925C0001FF4A /* NewCategories.swift */ = {isa = PBXFileReference; lastKnownFileType = sourcecode.swift; path = NewCategories.swift; sourceTree = "<group>"; };
		F34B8B4C2C5B938C0001FF4A /* NewsType.swift */ = {isa = PBXFileReference; lastKnownFileType = sourcecode.swift; path = NewsType.swift; sourceTree = "<group>"; };
		F34B8B4E2C5B99FE0001FF4A /* URLCenter.swift */ = {isa = PBXFileReference; lastKnownFileType = sourcecode.swift; path = URLCenter.swift; sourceTree = "<group>"; };
		F34B8B522C5BA6F80001FF4A /* NewsViewModel.swift */ = {isa = PBXFileReference; lastKnownFileType = sourcecode.swift; path = NewsViewModel.swift; sourceTree = "<group>"; };
		F34B8B542C5BAB320001FF4A /* NewsViewController+Networking.swift */ = {isa = PBXFileReference; lastKnownFileType = sourcecode.swift; path = "NewsViewController+Networking.swift"; sourceTree = "<group>"; };
		F34B8B562C5BBB570001FF4A /* UINavigationController.swift */ = {isa = PBXFileReference; lastKnownFileType = sourcecode.swift; path = UINavigationController.swift; sourceTree = "<group>"; };
		F34B8B582C5C2EF40001FF4A /* CategoryCollectionViewCell.swift */ = {isa = PBXFileReference; lastKnownFileType = sourcecode.swift; path = CategoryCollectionViewCell.swift; sourceTree = "<group>"; };
		F34B8B5E2C5C435D0001FF4A /* NewsViewController+PickerView.swift */ = {isa = PBXFileReference; lastKnownFileType = sourcecode.swift; path = "NewsViewController+PickerView.swift"; sourceTree = "<group>"; };
		F34B8B602C5C44EF0001FF4A /* UICollectionViewCellExtension.swift */ = {isa = PBXFileReference; lastKnownFileType = sourcecode.swift; path = UICollectionViewCellExtension.swift; sourceTree = "<group>"; };
		F34B8B622C6255960001FF4A /* NewsViewController+Search.swift */ = {isa = PBXFileReference; lastKnownFileType = sourcecode.swift; path = "NewsViewController+Search.swift"; sourceTree = "<group>"; };
		F34B8B642C6256530001FF4A /* NewsCategoriesHeaderView.swift */ = {isa = PBXFileReference; lastKnownFileType = sourcecode.swift; path = NewsCategoriesHeaderView.swift; sourceTree = "<group>"; };
		F34B8B662C6256760001FF4A /* NewsCategoriesHeaderView+CollectionView.swift */ = {isa = PBXFileReference; lastKnownFileType = sourcecode.swift; path = "NewsCategoriesHeaderView+CollectionView.swift"; sourceTree = "<group>"; };
		F34B8B692C6256AE0001FF4A /* UserDefaultStorage.swift */ = {isa = PBXFileReference; lastKnownFileType = sourcecode.swift; path = UserDefaultStorage.swift; sourceTree = "<group>"; };
		F34B8B6B2C6256D50001FF4A /* UIViewController.swift */ = {isa = PBXFileReference; lastKnownFileType = sourcecode.swift; path = UIViewController.swift; sourceTree = "<group>"; };
		F35996142A5E004100256F6D /* Goofy News.app */ = {isa = PBXFileReference; explicitFileType = wrapper.application; includeInIndex = 0; path = "Goofy News.app"; sourceTree = BUILT_PRODUCTS_DIR; };
		F35996172A5E004100256F6D /* AppDelegate.swift */ = {isa = PBXFileReference; lastKnownFileType = sourcecode.swift; path = AppDelegate.swift; sourceTree = "<group>"; };
		F359961B2A5E004100256F6D /* NewsViewController.swift */ = {isa = PBXFileReference; lastKnownFileType = sourcecode.swift; path = NewsViewController.swift; sourceTree = "<group>"; };
		F35996202A5E004200256F6D /* Assets.xcassets */ = {isa = PBXFileReference; lastKnownFileType = folder.assetcatalog; path = Assets.xcassets; sourceTree = "<group>"; };
		F35996252A5E004200256F6D /* Info.plist */ = {isa = PBXFileReference; lastKnownFileType = text.plist.xml; path = Info.plist; sourceTree = "<group>"; };
		F359962B2A61A58D00256F6D /* NewsAppTableViewCell.swift */ = {isa = PBXFileReference; lastKnownFileType = sourcecode.swift; path = NewsAppTableViewCell.swift; sourceTree = "<group>"; };
		F392411D2C59270E001D8B48 /* NewsModel.swift */ = {isa = PBXFileReference; lastKnownFileType = sourcecode.swift; path = NewsModel.swift; sourceTree = "<group>"; };
		F39241212C5A2595001D8B48 /* NewsService.swift */ = {isa = PBXFileReference; lastKnownFileType = sourcecode.swift; path = NewsService.swift; sourceTree = "<group>"; };
		F39241232C5A25E3001D8B48 /* String.swift */ = {isa = PBXFileReference; lastKnownFileType = sourcecode.swift; path = String.swift; sourceTree = "<group>"; };
		F392414D2C5B807B001D8B48 /* NewsViewController+TableView.swift */ = {isa = PBXFileReference; lastKnownFileType = sourcecode.swift; path = "NewsViewController+TableView.swift"; sourceTree = "<group>"; };
		F392414F2C5B8163001D8B48 /* UITableViewCellExtension.swift */ = {isa = PBXFileReference; lastKnownFileType = sourcecode.swift; path = UITableViewCellExtension.swift; sourceTree = "<group>"; };
		F3B6C3452C6D029500333DFF /* SettingsViewController.swift */ = {isa = PBXFileReference; lastKnownFileType = sourcecode.swift; path = SettingsViewController.swift; sourceTree = "<group>"; };
		F3B6C3472C6D10AD00333DFF /* CountryTableViewCell.swift */ = {isa = PBXFileReference; lastKnownFileType = sourcecode.swift; path = CountryTableViewCell.swift; sourceTree = "<group>"; };
		F3CD43AB2C705A1F00D77450 /* UserProfileViewController.swift */ = {isa = PBXFileReference; lastKnownFileType = sourcecode.swift; path = UserProfileViewController.swift; sourceTree = "<group>"; };
		F3F746E52C7E87BE008DF35D /* UIImageView+Extensions.swift */ = {isa = PBXFileReference; lastKnownFileType = sourcecode.swift; path = "UIImageView+Extensions.swift"; sourceTree = "<group>"; };
/* End PBXFileReference section */

/* Begin PBXFrameworksBuildPhase section */
		F35996112A5E004100256F6D /* Frameworks */ = {
			isa = PBXFrameworksBuildPhase;
			buildActionMask = 2147483647;
			files = (
				FEFFD4EC103A43FE414D9F3F /* Pods_NewsApp.framework in Frameworks */,
			);
			runOnlyForDeploymentPostprocessing = 0;
		};
/* End PBXFrameworksBuildPhase section */

/* Begin PBXGroup section */
		59732CCEC732B542FB3F2868 /* Frameworks */ = {
			isa = PBXGroup;
			children = (
				958F52312356DE1AA17958B8 /* Pods_NewsApp.framework */,
			);
			name = Frameworks;
			sourceTree = "<group>";
		};
		BEF0FA7EEF3D7DB543A32D2D /* Pods */ = {
			isa = PBXGroup;
			children = (
				10E8108A385883D8373573BA /* Pods-NewsApp.debug.xcconfig */,
				6C484B6DB71EFE7293A396FE /* Pods-NewsApp.release.xcconfig */,
			);
			path = Pods;
			sourceTree = "<group>";
		};
		F34B8B402C5B86CD0001FF4A /* Controllers */ = {
			isa = PBXGroup;
			children = (
				F3CD43AA2C7059EF00D77450 /* UserProfile */,
				F3CD43B42C78E4C100D77450 /* SettingsViewController */,
				F3CD43B32C78E4BB00D77450 /* NewsViewController */,
			);
			path = Controllers;
			sourceTree = "<group>";
		};
		F34B8B412C5B87100001FF4A /* Cell */ = {
			isa = PBXGroup;
			children = (
				F359962B2A61A58D00256F6D /* NewsAppTableViewCell.swift */,
				F34B8B582C5C2EF40001FF4A /* CategoryCollectionViewCell.swift */,
				F34B8B642C6256530001FF4A /* NewsCategoriesHeaderView.swift */,
				F3B6C3472C6D10AD00333DFF /* CountryTableViewCell.swift */,
				F34B8B662C6256760001FF4A /* NewsCategoriesHeaderView+CollectionView.swift */,
			);
			path = Cell;
			sourceTree = "<group>";
		};
		F34B8B422C5B877C0001FF4A /* Extensions */ = {
			isa = PBXGroup;
			children = (
				F39241232C5A25E3001D8B48 /* String.swift */,
				F392414F2C5B8163001D8B48 /* UITableViewCellExtension.swift */,
				F3F746E52C7E87BE008DF35D /* UIImageView+Extensions.swift */,
				F34B8B602C5C44EF0001FF4A /* UICollectionViewCellExtension.swift */,
				F34B8B562C5BBB570001FF4A /* UINavigationController.swift */,
				F34B8B6B2C6256D50001FF4A /* UIViewController.swift */,
			);
			path = Extensions;
			sourceTree = "<group>";
		};
		F34B8B432C5B87AD0001FF4A /* Model */ = {
			isa = PBXGroup;
			children = (
				F392411D2C59270E001D8B48 /* NewsModel.swift */,
			);
			path = Model;
			sourceTree = "<group>";
		};
		F34B8B442C5B87BD0001FF4A /* APIService */ = {
			isa = PBXGroup;
			children = (
				F39241212C5A2595001D8B48 /* NewsService.swift */,
				F34B8B452C5B8E9F0001FF4A /* HttpMethods.swift */,
				F34B8B502C5B9A050001FF4A /* URLCenter */,
			);
			path = APIService;
			sourceTree = "<group>";
		};
		F34B8B492C5B91A10001FF4A /* NewsURL */ = {
			isa = PBXGroup;
			children = (
				F34B8B472C5B91920001FF4A /* NewsCountry.swift */,
				F34B8B4A2C5B925C0001FF4A /* NewCategories.swift */,
				F34B8B4C2C5B938C0001FF4A /* NewsType.swift */,
			);
			path = NewsURL;
			sourceTree = "<group>";
		};
		F34B8B502C5B9A050001FF4A /* URLCenter */ = {
			isa = PBXGroup;
			children = (
				F34B8B4E2C5B99FE0001FF4A /* URLCenter.swift */,
				F34B8B492C5B91A10001FF4A /* NewsURL */,
			);
			path = URLCenter;
			sourceTree = "<group>";
		};
		F34B8B512C5BA3680001FF4A /* ViewModel */ = {
			isa = PBXGroup;
			children = (
				F34B8B522C5BA6F80001FF4A /* NewsViewModel.swift */,
			);
			path = ViewModel;
			sourceTree = "<group>";
		};
		F34B8B682C62569A0001FF4A /* Managers */ = {
			isa = PBXGroup;
			children = (
				F34B8B692C6256AE0001FF4A /* UserDefaultStorage.swift */,
			);
			path = Managers;
			sourceTree = "<group>";
		};
		F359960B2A5E004100256F6D = {
			isa = PBXGroup;
			children = (
				F35996162A5E004100256F6D /* NewsApp */,
				F35996152A5E004100256F6D /* Products */,
				BEF0FA7EEF3D7DB543A32D2D /* Pods */,
				59732CCEC732B542FB3F2868 /* Frameworks */,
			);
			sourceTree = "<group>";
		};
		F35996152A5E004100256F6D /* Products */ = {
			isa = PBXGroup;
			children = (
				F35996142A5E004100256F6D /* Goofy News.app */,
			);
			name = Products;
			sourceTree = "<group>";
		};
		F35996162A5E004100256F6D /* NewsApp */ = {
			isa = PBXGroup;
			children = (
				F35996172A5E004100256F6D /* AppDelegate.swift */,
				F34B8B682C62569A0001FF4A /* Managers */,
				F34B8B402C5B86CD0001FF4A /* Controllers */,
				F34B8B422C5B877C0001FF4A /* Extensions */,
				F34B8B432C5B87AD0001FF4A /* Model */,
				F34B8B442C5B87BD0001FF4A /* APIService */,
				F35996202A5E004200256F6D /* Assets.xcassets */,
				F35996252A5E004200256F6D /* Info.plist */,
				F34AB92F2C62695D0012FB95 /* LaunchScreen.storyboard */,
			);
			path = NewsApp;
			sourceTree = "<group>";
		};
		F3CD43AA2C7059EF00D77450 /* UserProfile */ = {
			isa = PBXGroup;
			children = (
				F3CD43AB2C705A1F00D77450 /* UserProfileViewController.swift */,
			);
			path = UserProfile;
			sourceTree = "<group>";
		};
		F3CD43B32C78E4BB00D77450 /* NewsViewController */ = {
			isa = PBXGroup;
			children = (
				F34B8B412C5B87100001FF4A /* Cell */,
				F34B8B512C5BA3680001FF4A /* ViewModel */,
				F359961B2A5E004100256F6D /* NewsViewController.swift */,
				F34B8B542C5BAB320001FF4A /* NewsViewController+Networking.swift */,
				F392414D2C5B807B001D8B48 /* NewsViewController+TableView.swift */,
				F34B8B622C6255960001FF4A /* NewsViewController+Search.swift */,
				F34B8B5E2C5C435D0001FF4A /* NewsViewController+PickerView.swift */,
			);
			path = NewsViewController;
			sourceTree = "<group>";
		};
		F3CD43B42C78E4C100D77450 /* SettingsViewController */ = {
			isa = PBXGroup;
			children = (
				F3B6C3452C6D029500333DFF /* SettingsViewController.swift */,
			);
			path = SettingsViewController;
			sourceTree = "<group>";
		};
/* End PBXGroup section */

/* Begin PBXNativeTarget section */
		F35996132A5E004100256F6D /* NewsApp */ = {
			isa = PBXNativeTarget;
			buildConfigurationList = F35996282A5E004200256F6D /* Build configuration list for PBXNativeTarget "NewsApp" */;
			buildPhases = (
				16BD19F7E1F5E73328356EAF /* [CP] Check Pods Manifest.lock */,
				F35996102A5E004100256F6D /* Sources */,
				F35996112A5E004100256F6D /* Frameworks */,
				F35996122A5E004100256F6D /* Resources */,
				839E85B59AB6B4928D2169EF /* [CP] Embed Pods Frameworks */,
			);
			buildRules = (
			);
			dependencies = (
			);
			name = NewsApp;
			productName = NewsApp;
			productReference = F35996142A5E004100256F6D /* Goofy News.app */;
			productType = "com.apple.product-type.application";
		};
/* End PBXNativeTarget section */

/* Begin PBXProject section */
		F359960C2A5E004100256F6D /* Project object */ = {
			isa = PBXProject;
			attributes = {
				BuildIndependentTargetsInParallel = 1;
				LastSwiftUpdateCheck = 1430;
				LastUpgradeCheck = 1430;
				TargetAttributes = {
					F35996132A5E004100256F6D = {
						CreatedOnToolsVersion = 14.3.1;
					};
				};
			};
			buildConfigurationList = F359960F2A5E004100256F6D /* Build configuration list for PBXProject "NewsApp" */;
			compatibilityVersion = "Xcode 14.0";
			developmentRegion = en;
			hasScannedForEncodings = 0;
			knownRegions = (
				en,
				Base,
			);
			mainGroup = F359960B2A5E004100256F6D;
			productRefGroup = F35996152A5E004100256F6D /* Products */;
			projectDirPath = "";
			projectRoot = "";
			targets = (
				F35996132A5E004100256F6D /* NewsApp */,
			);
		};
/* End PBXProject section */

/* Begin PBXResourcesBuildPhase section */
		F35996122A5E004100256F6D /* Resources */ = {
			isa = PBXResourcesBuildPhase;
			buildActionMask = 2147483647;
			files = (
				F35996212A5E004200256F6D /* Assets.xcassets in Resources */,
				F34AB9302C62695D0012FB95 /* LaunchScreen.storyboard in Resources */,
			);
			runOnlyForDeploymentPostprocessing = 0;
		};
/* End PBXResourcesBuildPhase section */

/* Begin PBXShellScriptBuildPhase section */
		16BD19F7E1F5E73328356EAF /* [CP] Check Pods Manifest.lock */ = {
			isa = PBXShellScriptBuildPhase;
			buildActionMask = 2147483647;
			files = (
			);
			inputFileListPaths = (
			);
			inputPaths = (
				"${PODS_PODFILE_DIR_PATH}/Podfile.lock",
				"${PODS_ROOT}/Manifest.lock",
			);
			name = "[CP] Check Pods Manifest.lock";
			outputFileListPaths = (
			);
			outputPaths = (
				"$(DERIVED_FILE_DIR)/Pods-NewsApp-checkManifestLockResult.txt",
			);
			runOnlyForDeploymentPostprocessing = 0;
			shellPath = /bin/sh;
			shellScript = "diff \"${PODS_PODFILE_DIR_PATH}/Podfile.lock\" \"${PODS_ROOT}/Manifest.lock\" > /dev/null\nif [ $? != 0 ] ; then\n    # print error to STDERR\n    echo \"error: The sandbox is not in sync with the Podfile.lock. Run 'pod install' or update your CocoaPods installation.\" >&2\n    exit 1\nfi\n# This output is used by Xcode 'outputs' to avoid re-running this script phase.\necho \"SUCCESS\" > \"${SCRIPT_OUTPUT_FILE_0}\"\n";
			showEnvVarsInLog = 0;
		};
		839E85B59AB6B4928D2169EF /* [CP] Embed Pods Frameworks */ = {
			isa = PBXShellScriptBuildPhase;
			buildActionMask = 2147483647;
			files = (
			);
			inputFileListPaths = (
				"${PODS_ROOT}/Target Support Files/Pods-NewsApp/Pods-NewsApp-frameworks-${CONFIGURATION}-input-files.xcfilelist",
			);
			name = "[CP] Embed Pods Frameworks";
			outputFileListPaths = (
				"${PODS_ROOT}/Target Support Files/Pods-NewsApp/Pods-NewsApp-frameworks-${CONFIGURATION}-output-files.xcfilelist",
			);
			runOnlyForDeploymentPostprocessing = 0;
			shellPath = /bin/sh;
			shellScript = "\"${PODS_ROOT}/Target Support Files/Pods-NewsApp/Pods-NewsApp-frameworks.sh\"\n";
			showEnvVarsInLog = 0;
		};
/* End PBXShellScriptBuildPhase section */

/* Begin PBXSourcesBuildPhase section */
		F35996102A5E004100256F6D /* Sources */ = {
			isa = PBXSourcesBuildPhase;
			buildActionMask = 2147483647;
			files = (
				F359961C2A5E004100256F6D /* NewsViewController.swift in Sources */,
				F35996182A5E004100256F6D /* AppDelegate.swift in Sources */,
				F34B8B632C6255960001FF4A /* NewsViewController+Search.swift in Sources */,
				F34B8B4B2C5B925C0001FF4A /* NewCategories.swift in Sources */,
				F34B8B6C2C6256D50001FF4A /* UIViewController.swift in Sources */,
				F34B8B592C5C2EF40001FF4A /* CategoryCollectionViewCell.swift in Sources */,
				F34B8B5F2C5C435D0001FF4A /* NewsViewController+PickerView.swift in Sources */,
				F34B8B462C5B8E9F0001FF4A /* HttpMethods.swift in Sources */,
				F3B6C3482C6D10AD00333DFF /* CountryTableViewCell.swift in Sources */,
				F3B6C3462C6D029500333DFF /* SettingsViewController.swift in Sources */,
				F34B8B4D2C5B938C0001FF4A /* NewsType.swift in Sources */,
				F34B8B4F2C5B99FE0001FF4A /* URLCenter.swift in Sources */,
				F34B8B672C6256760001FF4A /* NewsCategoriesHeaderView+CollectionView.swift in Sources */,
				F39241222C5A2595001D8B48 /* NewsService.swift in Sources */,
				F34B8B532C5BA6F80001FF4A /* NewsViewModel.swift in Sources */,
				F34B8B6A2C6256AE0001FF4A /* UserDefaultStorage.swift in Sources */,
				F3CD43AC2C705A1F00D77450 /* UserProfileViewController.swift in Sources */,
				F34B8B552C5BAB320001FF4A /* NewsViewController+Networking.swift in Sources */,
				F34B8B572C5BBB570001FF4A /* UINavigationController.swift in Sources */,
				F392411E2C59270E001D8B48 /* NewsModel.swift in Sources */,
				F34B8B482C5B91920001FF4A /* NewsCountry.swift in Sources */,
				F34B8B652C6256530001FF4A /* NewsCategoriesHeaderView.swift in Sources */,
				F3F746E62C7E87BE008DF35D /* UIImageView+Extensions.swift in Sources */,
				F359962C2A61A58D00256F6D /* NewsAppTableViewCell.swift in Sources */,
				F34B8B612C5C44EF0001FF4A /* UICollectionViewCellExtension.swift in Sources */,
				F39241242C5A25E3001D8B48 /* String.swift in Sources */,
				F39241502C5B8163001D8B48 /* UITableViewCellExtension.swift in Sources */,
				F392414E2C5B807B001D8B48 /* NewsViewController+TableView.swift in Sources */,
			);
			runOnlyForDeploymentPostprocessing = 0;
		};
/* End PBXSourcesBuildPhase section */

/* Begin XCBuildConfiguration section */
		F35996262A5E004200256F6D /* Debug */ = {
			isa = XCBuildConfiguration;
			buildSettings = {
				ALWAYS_SEARCH_USER_PATHS = NO;
				CLANG_ANALYZER_NONNULL = YES;
				CLANG_ANALYZER_NUMBER_OBJECT_CONVERSION = YES_AGGRESSIVE;
				CLANG_CXX_LANGUAGE_STANDARD = "gnu++20";
				CLANG_ENABLE_MODULES = YES;
				CLANG_ENABLE_OBJC_ARC = YES;
				CLANG_ENABLE_OBJC_WEAK = YES;
				CLANG_WARN_BLOCK_CAPTURE_AUTORELEASING = YES;
				CLANG_WARN_BOOL_CONVERSION = YES;
				CLANG_WARN_COMMA = YES;
				CLANG_WARN_CONSTANT_CONVERSION = YES;
				CLANG_WARN_DEPRECATED_OBJC_IMPLEMENTATIONS = YES;
				CLANG_WARN_DIRECT_OBJC_ISA_USAGE = YES_ERROR;
				CLANG_WARN_DOCUMENTATION_COMMENTS = YES;
				CLANG_WARN_EMPTY_BODY = YES;
				CLANG_WARN_ENUM_CONVERSION = YES;
				CLANG_WARN_INFINITE_RECURSION = YES;
				CLANG_WARN_INT_CONVERSION = YES;
				CLANG_WARN_NON_LITERAL_NULL_CONVERSION = YES;
				CLANG_WARN_OBJC_IMPLICIT_RETAIN_SELF = YES;
				CLANG_WARN_OBJC_LITERAL_CONVERSION = YES;
				CLANG_WARN_OBJC_ROOT_CLASS = YES_ERROR;
				CLANG_WARN_QUOTED_INCLUDE_IN_FRAMEWORK_HEADER = YES;
				CLANG_WARN_RANGE_LOOP_ANALYSIS = YES;
				CLANG_WARN_STRICT_PROTOTYPES = YES;
				CLANG_WARN_SUSPICIOUS_MOVE = YES;
				CLANG_WARN_UNGUARDED_AVAILABILITY = YES_AGGRESSIVE;
				CLANG_WARN_UNREACHABLE_CODE = YES;
				CLANG_WARN__DUPLICATE_METHOD_MATCH = YES;
				COPY_PHASE_STRIP = NO;
				DEBUG_INFORMATION_FORMAT = dwarf;
				ENABLE_STRICT_OBJC_MSGSEND = YES;
				ENABLE_TESTABILITY = YES;
				GCC_C_LANGUAGE_STANDARD = gnu11;
				GCC_DYNAMIC_NO_PIC = NO;
				GCC_NO_COMMON_BLOCKS = YES;
				GCC_OPTIMIZATION_LEVEL = 0;
				GCC_PREPROCESSOR_DEFINITIONS = (
					"DEBUG=1",
					"$(inherited)",
				);
				GCC_WARN_64_TO_32_BIT_CONVERSION = YES;
				GCC_WARN_ABOUT_RETURN_TYPE = YES_ERROR;
				GCC_WARN_UNDECLARED_SELECTOR = YES;
				GCC_WARN_UNINITIALIZED_AUTOS = YES_AGGRESSIVE;
				GCC_WARN_UNUSED_FUNCTION = YES;
				GCC_WARN_UNUSED_VARIABLE = YES;
				IPHONEOS_DEPLOYMENT_TARGET = 16.4;
				MTL_ENABLE_DEBUG_INFO = INCLUDE_SOURCE;
				MTL_FAST_MATH = YES;
				ONLY_ACTIVE_ARCH = YES;
				SDKROOT = iphoneos;
				SWIFT_ACTIVE_COMPILATION_CONDITIONS = DEBUG;
				SWIFT_OPTIMIZATION_LEVEL = "-Onone";
			};
			name = Debug;
		};
		F35996272A5E004200256F6D /* Release */ = {
			isa = XCBuildConfiguration;
			buildSettings = {
				ALWAYS_SEARCH_USER_PATHS = NO;
				CLANG_ANALYZER_NONNULL = YES;
				CLANG_ANALYZER_NUMBER_OBJECT_CONVERSION = YES_AGGRESSIVE;
				CLANG_CXX_LANGUAGE_STANDARD = "gnu++20";
				CLANG_ENABLE_MODULES = YES;
				CLANG_ENABLE_OBJC_ARC = YES;
				CLANG_ENABLE_OBJC_WEAK = YES;
				CLANG_WARN_BLOCK_CAPTURE_AUTORELEASING = YES;
				CLANG_WARN_BOOL_CONVERSION = YES;
				CLANG_WARN_COMMA = YES;
				CLANG_WARN_CONSTANT_CONVERSION = YES;
				CLANG_WARN_DEPRECATED_OBJC_IMPLEMENTATIONS = YES;
				CLANG_WARN_DIRECT_OBJC_ISA_USAGE = YES_ERROR;
				CLANG_WARN_DOCUMENTATION_COMMENTS = YES;
				CLANG_WARN_EMPTY_BODY = YES;
				CLANG_WARN_ENUM_CONVERSION = YES;
				CLANG_WARN_INFINITE_RECURSION = YES;
				CLANG_WARN_INT_CONVERSION = YES;
				CLANG_WARN_NON_LITERAL_NULL_CONVERSION = YES;
				CLANG_WARN_OBJC_IMPLICIT_RETAIN_SELF = YES;
				CLANG_WARN_OBJC_LITERAL_CONVERSION = YES;
				CLANG_WARN_OBJC_ROOT_CLASS = YES_ERROR;
				CLANG_WARN_QUOTED_INCLUDE_IN_FRAMEWORK_HEADER = YES;
				CLANG_WARN_RANGE_LOOP_ANALYSIS = YES;
				CLANG_WARN_STRICT_PROTOTYPES = YES;
				CLANG_WARN_SUSPICIOUS_MOVE = YES;
				CLANG_WARN_UNGUARDED_AVAILABILITY = YES_AGGRESSIVE;
				CLANG_WARN_UNREACHABLE_CODE = YES;
				CLANG_WARN__DUPLICATE_METHOD_MATCH = YES;
				COPY_PHASE_STRIP = NO;
				DEBUG_INFORMATION_FORMAT = "dwarf-with-dsym";
				ENABLE_NS_ASSERTIONS = NO;
				ENABLE_STRICT_OBJC_MSGSEND = YES;
				GCC_C_LANGUAGE_STANDARD = gnu11;
				GCC_NO_COMMON_BLOCKS = YES;
				GCC_WARN_64_TO_32_BIT_CONVERSION = YES;
				GCC_WARN_ABOUT_RETURN_TYPE = YES_ERROR;
				GCC_WARN_UNDECLARED_SELECTOR = YES;
				GCC_WARN_UNINITIALIZED_AUTOS = YES_AGGRESSIVE;
				GCC_WARN_UNUSED_FUNCTION = YES;
				GCC_WARN_UNUSED_VARIABLE = YES;
				IPHONEOS_DEPLOYMENT_TARGET = 16.4;
				MTL_ENABLE_DEBUG_INFO = NO;
				MTL_FAST_MATH = YES;
				SDKROOT = iphoneos;
				SWIFT_COMPILATION_MODE = wholemodule;
				SWIFT_OPTIMIZATION_LEVEL = "-O";
				VALIDATE_PRODUCT = YES;
			};
			name = Release;
		};
		F35996292A5E004200256F6D /* Debug */ = {
			isa = XCBuildConfiguration;
			baseConfigurationReference = 10E8108A385883D8373573BA /* Pods-NewsApp.debug.xcconfig */;
			buildSettings = {
				ASSETCATALOG_COMPILER_APPICON_NAME = AppIcon;
				ASSETCATALOG_COMPILER_GLOBAL_ACCENT_COLOR_NAME = AccentColor;
				CODE_SIGN_STYLE = Automatic;
				CURRENT_PROJECT_VERSION = 1;
				DEVELOPMENT_TEAM = T8C3BDQ5BW;
				GENERATE_INFOPLIST_FILE = YES;
				INFOPLIST_FILE = NewsApp/Info.plist;
				INFOPLIST_KEY_LSApplicationCategoryType = "public.app-category.news";
				INFOPLIST_KEY_UIApplicationSupportsIndirectInputEvents = YES;
				INFOPLIST_KEY_UILaunchStoryboardName = LaunchScreen;
				INFOPLIST_KEY_UISupportedInterfaceOrientations = UIInterfaceOrientationPortrait;
				INFOPLIST_KEY_UISupportedInterfaceOrientations_iPad = "UIInterfaceOrientationLandscapeLeft UIInterfaceOrientationLandscapeRight UIInterfaceOrientationPortrait UIInterfaceOrientationPortraitUpsideDown";
				IPHONEOS_DEPLOYMENT_TARGET = 16.6;
				LD_RUNPATH_SEARCH_PATHS = (
					"$(inherited)",
					"@executable_path/Frameworks",
				);
				MARKETING_VERSION = 1.1.0;
				PRODUCT_BUNDLE_IDENTIFIER = com.Simphiwe.News;
				PRODUCT_NAME = "Goofy News";
				SUPPORTED_PLATFORMS = "iphoneos iphonesimulator";
				SUPPORTS_MACCATALYST = NO;
				SUPPORTS_MAC_DESIGNED_FOR_IPHONE_IPAD = NO;
				SUPPORTS_XR_DESIGNED_FOR_IPHONE_IPAD = NO;
				SWIFT_EMIT_LOC_STRINGS = YES;
				SWIFT_VERSION = 5.0;
				TARGETED_DEVICE_FAMILY = 1;
			};
			name = Debug;
		};
		F359962A2A5E004200256F6D /* Release */ = {
			isa = XCBuildConfiguration;
			baseConfigurationReference = 6C484B6DB71EFE7293A396FE /* Pods-NewsApp.release.xcconfig */;
			buildSettings = {
				ASSETCATALOG_COMPILER_APPICON_NAME = AppIcon;
				ASSETCATALOG_COMPILER_GLOBAL_ACCENT_COLOR_NAME = AccentColor;
				CODE_SIGN_STYLE = Automatic;
				CURRENT_PROJECT_VERSION = 1;
				DEVELOPMENT_TEAM = T8C3BDQ5BW;
				GENERATE_INFOPLIST_FILE = YES;
				INFOPLIST_FILE = NewsApp/Info.plist;
				INFOPLIST_KEY_LSApplicationCategoryType = "public.app-category.news";
				INFOPLIST_KEY_UIApplicationSupportsIndirectInputEvents = YES;
				INFOPLIST_KEY_UILaunchStoryboardName = LaunchScreen;
				INFOPLIST_KEY_UISupportedInterfaceOrientations = UIInterfaceOrientationPortrait;
				INFOPLIST_KEY_UISupportedInterfaceOrientations_iPad = "UIInterfaceOrientationLandscapeLeft UIInterfaceOrientationLandscapeRight UIInterfaceOrientationPortrait UIInterfaceOrientationPortraitUpsideDown";
				IPHONEOS_DEPLOYMENT_TARGET = 16.6;
				LD_RUNPATH_SEARCH_PATHS = (
					"$(inherited)",
					"@executable_path/Frameworks",
				);
				MARKETING_VERSION = 1.1.0;
				PRODUCT_BUNDLE_IDENTIFIER = com.Simphiwe.News;
				PRODUCT_NAME = "Goofy News";
				SUPPORTED_PLATFORMS = "iphoneos iphonesimulator";
				SUPPORTS_MACCATALYST = NO;
				SUPPORTS_MAC_DESIGNED_FOR_IPHONE_IPAD = NO;
				SUPPORTS_XR_DESIGNED_FOR_IPHONE_IPAD = NO;
				SWIFT_EMIT_LOC_STRINGS = YES;
				SWIFT_VERSION = 5.0;
				TARGETED_DEVICE_FAMILY = 1;
			};
			name = Release;
		};
/* End XCBuildConfiguration section */

/* Begin XCConfigurationList section */
		F359960F2A5E004100256F6D /* Build configuration list for PBXProject "NewsApp" */ = {
			isa = XCConfigurationList;
			buildConfigurations = (
				F35996262A5E004200256F6D /* Debug */,
				F35996272A5E004200256F6D /* Release */,
			);
			defaultConfigurationIsVisible = 0;
			defaultConfigurationName = Release;
		};
		F35996282A5E004200256F6D /* Build configuration list for PBXNativeTarget "NewsApp" */ = {
			isa = XCConfigurationList;
			buildConfigurations = (
				F35996292A5E004200256F6D /* Debug */,
				F359962A2A5E004200256F6D /* Release */,
			);
			defaultConfigurationIsVisible = 0;
			defaultConfigurationName = Release;
		};
/* End XCConfigurationList section */
	};
	rootObject = F359960C2A5E004100256F6D /* Project object */;
}
